// !$*UTF8*$!
{
	archiveVersion = 1;
	classes = {
	};
	objectVersion = 46;
	objects = {

/* Begin PBXBuildFile section */
		F206289B1EBE822F0091609E /* IncorrectBuzz.wav in Resources */ = {isa = PBXBuildFile; fileRef = F206289A1EBE822F0091609E /* IncorrectBuzz.wav */; };
		F206289D1EBE82470091609E /* CorrectDing.wav in Resources */ = {isa = PBXBuildFile; fileRef = F206289C1EBE82470091609E /* CorrectDing.wav */; };
		F259E2251EA136EA00A280A9 /* AppDelegate.swift in Sources */ = {isa = PBXBuildFile; fileRef = F259E2241EA136EA00A280A9 /* AppDelegate.swift */; };
		F259E2271EA136EA00A280A9 /* ViewController.swift in Sources */ = {isa = PBXBuildFile; fileRef = F259E2261EA136EA00A280A9 /* ViewController.swift */; };
		F259E22A1EA136EA00A280A9 /* Main.storyboard in Resources */ = {isa = PBXBuildFile; fileRef = F259E2281EA136EA00A280A9 /* Main.storyboard */; };
		F259E22C1EA136EA00A280A9 /* Assets.xcassets in Resources */ = {isa = PBXBuildFile; fileRef = F259E22B1EA136EA00A280A9 /* Assets.xcassets */; };
		F259E22F1EA136EA00A280A9 /* LaunchScreen.storyboard in Resources */ = {isa = PBXBuildFile; fileRef = F259E22D1EA136EA00A280A9 /* LaunchScreen.storyboard */; };
		F259E2371EA1408300A280A9 /* events.swift in Sources */ = {isa = PBXBuildFile; fileRef = F259E2361EA1408300A280A9 /* events.swift */; };
/* End PBXBuildFile section */

/* Begin PBXFileReference section */
		F206289A1EBE822F0091609E /* IncorrectBuzz.wav */ = {isa = PBXFileReference; lastKnownFileType = audio.wav; path = IncorrectBuzz.wav; sourceTree = "<group>"; };
		F206289C1EBE82470091609E /* CorrectDing.wav */ = {isa = PBXFileReference; lastKnownFileType = audio.wav; path = CorrectDing.wav; sourceTree = "<group>"; };
		F259E2211EA136EA00A280A9 /* BoutTime App.app */ = {isa = PBXFileReference; explicitFileType = wrapper.application; includeInIndex = 0; path = "BoutTime App.app"; sourceTree = BUILT_PRODUCTS_DIR; };
		F259E2241EA136EA00A280A9 /* AppDelegate.swift */ = {isa = PBXFileReference; lastKnownFileType = sourcecode.swift; path = AppDelegate.swift; sourceTree = "<group>"; };
		F259E2261EA136EA00A280A9 /* ViewController.swift */ = {isa = PBXFileReference; lastKnownFileType = sourcecode.swift; path = ViewController.swift; sourceTree = "<group>"; };
		F259E2291EA136EA00A280A9 /* Base */ = {isa = PBXFileReference; lastKnownFileType = file.storyboard; name = Base; path = Base.lproj/Main.storyboard; sourceTree = "<group>"; };
		F259E22B1EA136EA00A280A9 /* Assets.xcassets */ = {isa = PBXFileReference; lastKnownFileType = folder.assetcatalog; path = Assets.xcassets; sourceTree = "<group>"; };
		F259E22E1EA136EA00A280A9 /* Base */ = {isa = PBXFileReference; lastKnownFileType = file.storyboard; name = Base; path = Base.lproj/LaunchScreen.storyboard; sourceTree = "<group>"; };
		F259E2301EA136EA00A280A9 /* Info.plist */ = {isa = PBXFileReference; lastKnownFileType = text.plist.xml; path = Info.plist; sourceTree = "<group>"; };
		F259E2361EA1408300A280A9 /* events.swift */ = {isa = PBXFileReference; fileEncoding = 4; lastKnownFileType = sourcecode.swift; path = events.swift; sourceTree = "<group>"; };
/* End PBXFileReference section */

/* Begin PBXFrameworksBuildPhase section */
		F259E21E1EA136EA00A280A9 /* Frameworks */ = {
			isa = PBXFrameworksBuildPhase;
			buildActionMask = 2147483647;
			files = (
			);
			runOnlyForDeploymentPostprocessing = 0;
		};
/* End PBXFrameworksBuildPhase section */

/* Begin PBXGroup section */
		F259E2181EA136EA00A280A9 = {
			isa = PBXGroup;
			children = (
				F259E2231EA136EA00A280A9 /* BoutTime App */,
				F259E2221EA136EA00A280A9 /* Products */,
			);
			sourceTree = "<group>";
		};
		F259E2221EA136EA00A280A9 /* Products */ = {
			isa = PBXGroup;
			children = (
				F259E2211EA136EA00A280A9 /* BoutTime App.app */,
			);
			name = Products;
			sourceTree = "<group>";
		};
		F259E2231EA136EA00A280A9 /* BoutTime App */ = {
			isa = PBXGroup;
			children = (
				F259E2241EA136EA00A280A9 /* AppDelegate.swift */,
				F259E2261EA136EA00A280A9 /* ViewController.swift */,
				F259E2361EA1408300A280A9 /* events.swift */,
				F259E2281EA136EA00A280A9 /* Main.storyboard */,
				F259E22B1EA136EA00A280A9 /* Assets.xcassets */,
				F259E22D1EA136EA00A280A9 /* LaunchScreen.storyboard */,
				F259E2301EA136EA00A280A9 /* Info.plist */,
				F206289C1EBE82470091609E /* CorrectDing.wav */,
				F206289A1EBE822F0091609E /* IncorrectBuzz.wav */,
			);
			path = "BoutTime App";
			sourceTree = "<group>";
		};
/* End PBXGroup section */

/* Begin PBXNativeTarget section */
		F259E2201EA136EA00A280A9 /* BoutTime App */ = {
			isa = PBXNativeTarget;
			buildConfigurationList = F259E2331EA136EA00A280A9 /* Build configuration list for PBXNativeTarget "BoutTime App" */;
			buildPhases = (
				F259E21D1EA136EA00A280A9 /* Sources */,
				F259E21E1EA136EA00A280A9 /* Frameworks */,
				F259E21F1EA136EA00A280A9 /* Resources */,
			);
			buildRules = (
			);
			dependencies = (
			);
			name = "BoutTime App";
			productName = "BoutTime App";
			productReference = F259E2211EA136EA00A280A9 /* BoutTime App.app */;
			productType = "com.apple.product-type.application";
		};
/* End PBXNativeTarget section */

/* Begin PBXProject section */
		F259E2191EA136EA00A280A9 /* Project object */ = {
			isa = PBXProject;
			attributes = {
				LastSwiftUpdateCheck = 0820;
				LastUpgradeCheck = 0820;
				ORGANIZATIONNAME = Callum;
				TargetAttributes = {
					F259E2201EA136EA00A280A9 = {
						CreatedOnToolsVersion = 8.2.1;
						DevelopmentTeam = 832845V3EK;
						ProvisioningStyle = Automatic;
						SystemCapabilities = {
							com.apple.BackgroundModes = {
								enabled = 1;
							};
						};
					};
				};
			};
			buildConfigurationList = F259E21C1EA136EA00A280A9 /* Build configuration list for PBXProject "BoutTime App" */;
			compatibilityVersion = "Xcode 3.2";
			developmentRegion = English;
			hasScannedForEncodings = 0;
			knownRegions = (
				en,
				Base,
			);
			mainGroup = F259E2181EA136EA00A280A9;
			productRefGroup = F259E2221EA136EA00A280A9 /* Products */;
			projectDirPath = "";
			projectRoot = "";
			targets = (
				F259E2201EA136EA00A280A9 /* BoutTime App */,
			);
		};
/* End PBXProject section */

/* Begin PBXResourcesBuildPhase section */
		F259E21F1EA136EA00A280A9 /* Resources */ = {
			isa = PBXResourcesBuildPhase;
			buildActionMask = 2147483647;
			files = (
				F206289D1EBE82470091609E /* CorrectDing.wav in Resources */,
				F259E22F1EA136EA00A280A9 /* LaunchScreen.storyboard in Resources */,
				F206289B1EBE822F0091609E /* IncorrectBuzz.wav in Resources */,
				F259E22C1EA136EA00A280A9 /* Assets.xcassets in Resources */,
				F259E22A1EA136EA00A280A9 /* Main.storyboard in Resources */,
			);
			runOnlyForDeploymentPostprocessing = 0;
		};
/* End PBXResourcesBuildPhase section */

/* Begin PBXSourcesBuildPhase section */
		F259E21D1EA136EA00A280A9 /* Sources */ = {
			isa = PBXSourcesBuildPhase;
			buildActionMask = 2147483647;
			files = (
				F259E2271EA136EA00A280A9 /* ViewController.swift in Sources */,
				F259E2251EA136EA00A280A9 /* AppDelegate.swift in Sources */,
				F259E2371EA1408300A280A9 /* events.swift in Sources */,
			);
			runOnlyForDeploymentPostprocessing = 0;
		};
/* End PBXSourcesBuildPhase section */

/* Begin PBXVariantGroup section */
		F259E2281EA136EA00A280A9 /* Main.storyboard */ = {
			isa = PBXVariantGroup;
			children = (
				F259E2291EA136EA00A280A9 /* Base */,
			);
			name = Main.storyboard;
			sourceTree = "<group>";
		};
		F259E22D1EA136EA00A280A9 /* LaunchScreen.storyboard */ = {
			isa = PBXVariantGroup;
			children = (
				F259E22E1EA136EA00A280A9 /* Base */,
			);
			name = LaunchScreen.storyboard;
			sourceTree = "<group>";
		};
/* End PBXVariantGroup section */

/* Begin XCBuildConfiguration section */
		F259E2311EA136EA00A280A9 /* Debug */ = {
			isa = XCBuildConfiguration;
			buildSettings = {
				ALWAYS_SEARCH_USER_PATHS = NO;
				CLANG_ANALYZER_NONNULL = YES;
				CLANG_CXX_LANGUAGE_STANDARD = "gnu++0x";
				CLANG_CXX_LIBRARY = "libc++";
				CLANG_ENABLE_MODULES = YES;
				CLANG_ENABLE_OBJC_ARC = YES;
				CLANG_WARN_BOOL_CONVERSION = YES;
				CLANG_WARN_CONSTANT_CONVERSION = YES;
				CLANG_WARN_DIRECT_OBJC_ISA_USAGE = YES_ERROR;
				CLANG_WARN_DOCUMENTATION_COMMENTS = YES;
				CLANG_WARN_EMPTY_BODY = YES;
				CLANG_WARN_ENUM_CONVERSION = YES;
				CLANG_WARN_INFINITE_RECURSION = YES;
				CLANG_WARN_INT_CONVERSION = YES;
				CLANG_WARN_OBJC_ROOT_CLASS = YES_ERROR;
				CLANG_WARN_SUSPICIOUS_MOVE = YES;
				CLANG_WARN_UNREACHABLE_CODE = YES;
				CLANG_WARN__DUPLICATE_METHOD_MATCH = YES;
				"CODE_SIGN_IDENTITY[sdk=iphoneos*]" = "iPhone Developer";
				COPY_PHASE_STRIP = NO;
				DEBUG_INFORMATION_FORMAT = dwarf;
				ENABLE_STRICT_OBJC_MSGSEND = YES;
				ENABLE_TESTABILITY = YES;
				GCC_C_LANGUAGE_STANDARD = gnu99;
				GCC_DYNAMIC_NO_PIC = NO;
				GCC_NO_COMMON_BLOCKS = YES;
				GCC_OPTIMIZATION_LEVEL = 0;
				GCC_PREPROCESSOR_DEFINITIONS = (
					"DEBUG=1",
					"$(inherited)",
				);
				GCC_WARN_64_TO_32_BIT_CONVERSION = YES;
				GCC_WARN_ABOUT_RETURN_TYPE = YES_ERROR;
				GCC_WARN_UNDECLARED_SELECTOR = YES;
				GCC_WARN_UNINITIALIZED_AUTOS = YES_AGGRESSIVE;
				GCC_WARN_UNUSED_FUNCTION = YES;
				GCC_WARN_UNUSED_VARIABLE = YES;
				IPHONEOS_DEPLOYMENT_TARGET = 10.2;
				MTL_ENABLE_DEBUG_INFO = YES;
				ONLY_ACTIVE_ARCH = YES;
				SDKROOT = iphoneos;
				SWIFT_ACTIVE_COMPILATION_CONDITIONS = DEBUG;
				SWIFT_OPTIMIZATION_LEVEL = "-Onone";
			};
			name = Debug;
		};
		F259E2321EA136EA00A280A9 /* Release */ = {
			isa = XCBuildConfiguration;
			buildSettings = {
				ALWAYS_SEARCH_USER_PATHS = NO;
				CLANG_ANALYZER_NONNULL = YES;
				CLANG_CXX_LANGUAGE_STANDARD = "gnu++0x";
				CLANG_CXX_LIBRARY = "libc++";
				CLANG_ENABLE_MODULES = YES;
				CLANG_ENABLE_OBJC_ARC = YES;
				CLANG_WARN_BOOL_CONVERSION = YES;
				CLANG_WARN_CONSTANT_CONVERSION = YES;
				CLANG_WARN_DIRECT_OBJC_ISA_USAGE = YES_ERROR;
				CLANG_WARN_DOCUMENTATION_COMMENTS = YES;
				CLANG_WARN_EMPTY_BODY = YES;
				CLANG_WARN_ENUM_CONVERSION = YES;
				CLANG_WARN_INFINITE_RECURSION = YES;
				CLANG_WARN_INT_CONVERSION = YES;
				CLANG_WARN_OBJC_ROOT_CLASS = YES_ERROR;
				CLANG_WARN_SUSPICIOUS_MOVE = YES;
				CLANG_WARN_UNREACHABLE_CODE = YES;
				CLANG_WARN__DUPLICATE_METHOD_MATCH = YES;
				"CODE_SIGN_IDENTITY[sdk=iphoneos*]" = "iPhone Developer";
				COPY_PHASE_STRIP = NO;
				DEBUG_INFORMATION_FORMAT = "dwarf-with-dsym";
				ENABLE_NS_ASSERTIONS = NO;
				ENABLE_STRICT_OBJC_MSGSEND = YES;
				GCC_C_LANGUAGE_STANDARD = gnu99;
				GCC_NO_COMMON_BLOCKS = YES;
				GCC_WARN_64_TO_32_BIT_CONVERSION = YES;
				GCC_WARN_ABOUT_RETURN_TYPE = YES_ERROR;
				GCC_WARN_UNDECLARED_SELECTOR = YES;
				GCC_WARN_UNINITIALIZED_AUTOS = YES_AGGRESSIVE;
				GCC_WARN_UNUSED_FUNCTION = YES;
				GCC_WARN_UNUSED_VARIABLE = YES;
				IPHONEOS_DEPLOYMENT_TARGET = 10.2;
				MTL_ENABLE_DEBUG_INFO = NO;
				SDKROOT = iphoneos;
				SWIFT_OPTIMIZATION_LEVEL = "-Owholemodule";
				VALIDATE_PRODUCT = YES;
			};
			name = Release;
		};
		F259E2341EA136EA00A280A9 /* Debug */ = {
			isa = XCBuildConfiguration;
			buildSettings = {
				ASSETCATALOG_COMPILER_APPICON_NAME = AppIcon;
				DEVELOPMENT_TEAM = 832845V3EK;
				INFOPLIST_FILE = "BoutTime App/Info.plist";
				IPHONEOS_DEPLOYMENT_TARGET = 10.2;
				LD_RUNPATH_SEARCH_PATHS = "$(inherited) @executable_path/Frameworks";
				PRODUCT_BUNDLE_IDENTIFIER = "Callum-Obrien.BoutTime-App";
				PRODUCT_NAME = "$(TARGET_NAME)";
				SWIFT_VERSION = 3.0;
				TARGETED_DEVICE_FAMILY = 1;
			};
			name = Debug;
		};
		F259E2351EA136EA00A280A9 /* Release */ = {
			isa = XCBuildConfiguration;
			buildSettings = {
				ASSETCATALOG_COMPILER_APPICON_NAME = AppIcon;
				DEVELOPMENT_TEAM = 832845V3EK;
				INFOPLIST_FILE = "BoutTime App/Info.plist";
				IPHONEOS_DEPLOYMENT_TARGET = 10.2;
				LD_RUNPATH_SEARCH_PATHS = "$(inherited) @executable_path/Frameworks";
				PRODUCT_BUNDLE_IDENTIFIER = "Callum-Obrien.BoutTime-App";
				PRODUCT_NAME = "$(TARGET_NAME)";
				SWIFT_VERSION = 3.0;
				TARGETED_DEVICE_FAMILY = 1;
			};
			name = Release;
		};
/* End XCBuildConfiguration section */

/* Begin XCConfigurationList section */
		F259E21C1EA136EA00A280A9 /* Build configuration list for PBXProject "BoutTime App" */ = {
			isa = XCConfigurationList;
			buildConfigurations = (
				F259E2311EA136EA00A280A9 /* Debug */,
				F259E2321EA136EA00A280A9 /* Release */,
			);
			defaultConfigurationIsVisible = 0;
			defaultConfigurationName = Release;
		};
		F259E2331EA136EA00A280A9 /* Build configuration list for PBXNativeTarget "BoutTime App" */ = {
			isa = XCConfigurationList;
			buildConfigurations = (
				F259E2341EA136EA00A280A9 /* Debug */,
				F259E2351EA136EA00A280A9 /* Release */,
			);
			defaultConfigurationIsVisible = 0;
			defaultConfigurationName = Release;
		};
/* End XCConfigurationList section */
	};
	rootObject = F259E2191EA136EA00A280A9 /* Project object */;
}
